
Microsoft Visual Studio Solution File, Format Version 12.00
# Visual Studio Version 17
VisualStudioVersion = 17.9.34728.123
MinimumVisualStudioVersion = 10.0.40219.1
Project("{FAE04EC0-301F-11D3-BF4B-00C04F79EFBC}") = "GiftCardWebAPI", "GiftCardWebAPI\GiftCardWebAPI.csproj", "{3B592855-AE47-4B39-AB24-4A6F02985897}"
EndProject
Global
	GlobalSection(SolutionConfigurationPlatforms) = preSolution
		Debug|Any CPU = Debug|Any CPU
		Release|Any CPU = Release|Any CPU
	EndGlobalSection
	GlobalSection(ProjectConfigurationPlatforms) = postSolution
		{3B592855-AE47-4B39-AB24-4A6F02985897}.Debug|Any CPU.ActiveCfg = Debug|Any CPU
		{3B592855-AE47-4B39-AB24-4A6F02985897}.Debug|Any CPU.Build.0 = Debug|Any CPU
		{3B592855-AE47-4B39-AB24-4A6F02985897}.Release|Any CPU.ActiveCfg = Release|Any CPU
		{3B592855-AE47-4B39-AB24-4A6F02985897}.Release|Any CPU.Build.0 = Release|Any CPU
	EndGlobalSection
	GlobalSection(SolutionProperties) = preSolution
		HideSolutionNode = FALSE
	EndGlobalSection
	GlobalSection(ExtensibilityGlobals) = postSolution
		SolutionGuid = {C27E721A-AB30-4326-96F1-D0F0CB43668D}
	EndGlobalSection
EndGlobal
